
Microsoft Visual Studio Solution File, Format Version 12.00
# Visual Studio Version 17
VisualStudioVersion = 17.8.34408.163
MinimumVisualStudioVersion = 10.0.40219.1
Project("{F184B08F-C81C-45F6-A57F-5ABD9991F28F}") = "RegistradorDeClientes", "RegistradorDeClientes\RegistradorDeClientes.vbproj", "{9D0FA89B-FCD6-4B44-8423-92AD07B242FD}"
EndProject
Global
	GlobalSection(SolutionConfigurationPlatforms) = preSolution
		Debug|Any CPU = Debug|Any CPU
		Release|Any CPU = Release|Any CPU
	EndGlobalSection
	GlobalSection(ProjectConfigurationPlatforms) = postSolution
		{9D0FA89B-FCD6-4B44-8423-92AD07B242FD}.Debug|Any CPU.ActiveCfg = Debug|Any CPU
		{9D0FA89B-FCD6-4B44-8423-92AD07B242FD}.Debug|Any CPU.Build.0 = Debug|Any CPU
		{9D0FA89B-FCD6-4B44-8423-92AD07B242FD}.Release|Any CPU.ActiveCfg = Release|Any CPU
		{9D0FA89B-FCD6-4B44-8423-92AD07B242FD}.Release|Any CPU.Build.0 = Release|Any CPU
	EndGlobalSection
	GlobalSection(SolutionProperties) = preSolution
		HideSolutionNode = FALSE
	EndGlobalSection
	GlobalSection(ExtensibilityGlobals) = postSolution
		SolutionGuid = {8FBB848B-CF68-4948-8566-0BFC4DDE55E7}
	EndGlobalSection
EndGlobal
